
Microsoft Visual Studio Solution File, Format Version 12.00
Project("{FAE04EC0-301F-11D3-BF4B-00C04F79EFBC}") = "ReAuthenticatePoC", "src\ReAuthenticatePoC\ReAuthenticatePoC.csproj", "{EF176D37-73A8-4AF3-B2EC-3DE807DF320E}"
EndProject
Project("{FAE04EC0-301F-11D3-BF4B-00C04F79EFBC}") = "InitialAuthenticatePoC", "src\InitialAuthenticatePoC\InitialAuthenticatePoC.csproj", "{0D313402-0665-4A08-80DB-278C4F5C5898}"
EndProject
Project("{FAE04EC0-301F-11D3-BF4B-00C04F79EFBC}") = "EphemeralHttpServerPoC", "src\EphemeralHttpServerPoC\EphemeralHttpServerPoC.csproj", "{7CFD5372-F9D5-47EC-AC1F-9A18919E64BD}"
EndProject
Project("{FAE04EC0-301F-11D3-BF4B-00C04F79EFBC}") = "AspNetHttpAndWebSocketServerPoC", "src\AspNetHttpAndWebSocketServerPoC\AspNetHttpAndWebSocketServerPoC.csproj", "{FDA7038E-C58E-48CA-9F49-EFF5BB1D8227}"
EndProject
Global
	GlobalSection(SolutionConfigurationPlatforms) = preSolution
		Debug|Any CPU = Debug|Any CPU
		Release|Any CPU = Release|Any CPU
	EndGlobalSection
	GlobalSection(ProjectConfigurationPlatforms) = postSolution
		{EF176D37-73A8-4AF3-B2EC-3DE807DF320E}.Debug|Any CPU.ActiveCfg = Debug|Any CPU
		{EF176D37-73A8-4AF3-B2EC-3DE807DF320E}.Debug|Any CPU.Build.0 = Debug|Any CPU
		{EF176D37-73A8-4AF3-B2EC-3DE807DF320E}.Release|Any CPU.ActiveCfg = Release|Any CPU
		{EF176D37-73A8-4AF3-B2EC-3DE807DF320E}.Release|Any CPU.Build.0 = Release|Any CPU
		{0D313402-0665-4A08-80DB-278C4F5C5898}.Debug|Any CPU.ActiveCfg = Debug|Any CPU
		{0D313402-0665-4A08-80DB-278C4F5C5898}.Debug|Any CPU.Build.0 = Debug|Any CPU
		{0D313402-0665-4A08-80DB-278C4F5C5898}.Release|Any CPU.ActiveCfg = Release|Any CPU
		{0D313402-0665-4A08-80DB-278C4F5C5898}.Release|Any CPU.Build.0 = Release|Any CPU
		{7CFD5372-F9D5-47EC-AC1F-9A18919E64BD}.Debug|Any CPU.ActiveCfg = Debug|Any CPU
		{7CFD5372-F9D5-47EC-AC1F-9A18919E64BD}.Debug|Any CPU.Build.0 = Debug|Any CPU
		{7CFD5372-F9D5-47EC-AC1F-9A18919E64BD}.Release|Any CPU.ActiveCfg = Release|Any CPU
		{7CFD5372-F9D5-47EC-AC1F-9A18919E64BD}.Release|Any CPU.Build.0 = Release|Any CPU
		{FDA7038E-C58E-48CA-9F49-EFF5BB1D8227}.Debug|Any CPU.ActiveCfg = Debug|Any CPU
		{FDA7038E-C58E-48CA-9F49-EFF5BB1D8227}.Debug|Any CPU.Build.0 = Debug|Any CPU
		{FDA7038E-C58E-48CA-9F49-EFF5BB1D8227}.Release|Any CPU.ActiveCfg = Release|Any CPU
		{FDA7038E-C58E-48CA-9F49-EFF5BB1D8227}.Release|Any CPU.Build.0 = Release|Any CPU
	EndGlobalSection
EndGlobal
